
Microsoft Visual Studio Solution File, Format Version 12.00
# Visual Studio Version 16
VisualStudioVersion = 16.0.33130.400
MinimumVisualStudioVersion = 10.0.40219.1
Project("{FAE04EC0-301F-11D3-BF4B-00C04F79EFBC}") = "Sandeep_Bootstrappractice", "Sandeep_Bootstrappractice\Sandeep_Bootstrappractice.csproj", "{1C0C1369-0770-4FA8-AD77-9D726CF8D31E}"
EndProject
Project("{FAE04EC0-301F-11D3-BF4B-00C04F79EFBC}") = "Sandeep_Bootstrappractice.Helpers", "Sandeep_Bootstrappractice.Helpers\Sandeep_Bootstrappractice.Helpers.csproj", "{18D93F34-8221-4D1C-B5AC-88AD4B418100}"
EndProject
Project("{FAE04EC0-301F-11D3-BF4B-00C04F79EFBC}") = "Sandeep_Bootstrappractice.Models", "Sandeep_Bootstrappractice.Models\Sandeep_Bootstrappractice.Models.csproj", "{F4ED5E3C-3206-4BF1-8CCF-023F6717D009}"
EndProject
Project("{FAE04EC0-301F-11D3-BF4B-00C04F79EFBC}") = "Sandeep_Bootstrappractice.Repository", "Sandeep_Bootstrappractice.Repository\Sandeep_Bootstrappractice.Repository.csproj", "{99538A14-ADDF-4DC5-94FF-757D24D77367}"
EndProject
Global
	GlobalSection(SolutionConfigurationPlatforms) = preSolution
		Debug|Any CPU = Debug|Any CPU
		Release|Any CPU = Release|Any CPU
	EndGlobalSection
	GlobalSection(ProjectConfigurationPlatforms) = postSolution
		{1C0C1369-0770-4FA8-AD77-9D726CF8D31E}.Debug|Any CPU.ActiveCfg = Debug|Any CPU
		{1C0C1369-0770-4FA8-AD77-9D726CF8D31E}.Debug|Any CPU.Build.0 = Debug|Any CPU
		{1C0C1369-0770-4FA8-AD77-9D726CF8D31E}.Release|Any CPU.ActiveCfg = Release|Any CPU
		{1C0C1369-0770-4FA8-AD77-9D726CF8D31E}.Release|Any CPU.Build.0 = Release|Any CPU
		{18D93F34-8221-4D1C-B5AC-88AD4B418100}.Debug|Any CPU.ActiveCfg = Debug|Any CPU
		{18D93F34-8221-4D1C-B5AC-88AD4B418100}.Debug|Any CPU.Build.0 = Debug|Any CPU
		{18D93F34-8221-4D1C-B5AC-88AD4B418100}.Release|Any CPU.ActiveCfg = Release|Any CPU
		{18D93F34-8221-4D1C-B5AC-88AD4B418100}.Release|Any CPU.Build.0 = Release|Any CPU
		{F4ED5E3C-3206-4BF1-8CCF-023F6717D009}.Debug|Any CPU.ActiveCfg = Debug|Any CPU
		{F4ED5E3C-3206-4BF1-8CCF-023F6717D009}.Debug|Any CPU.Build.0 = Debug|Any CPU
		{F4ED5E3C-3206-4BF1-8CCF-023F6717D009}.Release|Any CPU.ActiveCfg = Release|Any CPU
		{F4ED5E3C-3206-4BF1-8CCF-023F6717D009}.Release|Any CPU.Build.0 = Release|Any CPU
		{99538A14-ADDF-4DC5-94FF-757D24D77367}.Debug|Any CPU.ActiveCfg = Debug|Any CPU
		{99538A14-ADDF-4DC5-94FF-757D24D77367}.Debug|Any CPU.Build.0 = Debug|Any CPU
		{99538A14-ADDF-4DC5-94FF-757D24D77367}.Release|Any CPU.ActiveCfg = Release|Any CPU
		{99538A14-ADDF-4DC5-94FF-757D24D77367}.Release|Any CPU.Build.0 = Release|Any CPU
	EndGlobalSection
	GlobalSection(SolutionProperties) = preSolution
		HideSolutionNode = FALSE
	EndGlobalSection
	GlobalSection(ExtensibilityGlobals) = postSolution
		SolutionGuid = {33DA0A2F-264E-42E1-AE57-AC5C94A30B93}
	EndGlobalSection
EndGlobal
