
Microsoft Visual Studio Solution File, Format Version 12.00
# Visual Studio Version 16
VisualStudioVersion = 16.0.33328.57
MinimumVisualStudioVersion = 10.0.40219.1
Project("{FAE04EC0-301F-11D3-BF4B-00C04F79EFBC}") = "MVCPractice1", "MVCPractice1\MVCPractice1.csproj", "{34221837-DE47-4A5E-A234-403782D45525}"
EndProject
Project("{FAE04EC0-301F-11D3-BF4B-00C04F79EFBC}") = "DatabaseConnection", "DatabaseConnection\DatabaseConnection.csproj", "{BC6270A7-7286-496D-B16F-20CAA7FD0F65}"
EndProject
Project("{FAE04EC0-301F-11D3-BF4B-00C04F79EFBC}") = "DBModels", "DBModels\DBModels.csproj", "{8089E74F-EC6B-4B6F-ADCB-1609DF772796}"
EndProject
Global
	GlobalSection(SolutionConfigurationPlatforms) = preSolution
		Debug|Any CPU = Debug|Any CPU
		Release|Any CPU = Release|Any CPU
	EndGlobalSection
	GlobalSection(ProjectConfigurationPlatforms) = postSolution
		{34221837-DE47-4A5E-A234-403782D45525}.Debug|Any CPU.ActiveCfg = Debug|Any CPU
		{34221837-DE47-4A5E-A234-403782D45525}.Debug|Any CPU.Build.0 = Debug|Any CPU
		{34221837-DE47-4A5E-A234-403782D45525}.Release|Any CPU.ActiveCfg = Release|Any CPU
		{34221837-DE47-4A5E-A234-403782D45525}.Release|Any CPU.Build.0 = Release|Any CPU
		{BC6270A7-7286-496D-B16F-20CAA7FD0F65}.Debug|Any CPU.ActiveCfg = Debug|Any CPU
		{BC6270A7-7286-496D-B16F-20CAA7FD0F65}.Debug|Any CPU.Build.0 = Debug|Any CPU
		{BC6270A7-7286-496D-B16F-20CAA7FD0F65}.Release|Any CPU.ActiveCfg = Release|Any CPU
		{BC6270A7-7286-496D-B16F-20CAA7FD0F65}.Release|Any CPU.Build.0 = Release|Any CPU
		{8089E74F-EC6B-4B6F-ADCB-1609DF772796}.Debug|Any CPU.ActiveCfg = Debug|Any CPU
		{8089E74F-EC6B-4B6F-ADCB-1609DF772796}.Debug|Any CPU.Build.0 = Debug|Any CPU
		{8089E74F-EC6B-4B6F-ADCB-1609DF772796}.Release|Any CPU.ActiveCfg = Release|Any CPU
		{8089E74F-EC6B-4B6F-ADCB-1609DF772796}.Release|Any CPU.Build.0 = Release|Any CPU
	EndGlobalSection
	GlobalSection(SolutionProperties) = preSolution
		HideSolutionNode = FALSE
	EndGlobalSection
	GlobalSection(ExtensibilityGlobals) = postSolution
		SolutionGuid = {019959DE-3FD2-4334-A0A2-3465F18E62EF}
	EndGlobalSection
EndGlobal
