
Microsoft Visual Studio Solution File, Format Version 12.00
# Visual Studio Version 16
VisualStudioVersion = 16.0.33130.400
MinimumVisualStudioVersion = 10.0.40219.1
Project("{FAE04EC0-301F-11D3-BF4B-00C04F79EFBC}") = "UserRole", "UserRole\UserRole.csproj", "{7D351CB3-B05F-48AC-B221-7DA9C3B1A418}"
EndProject
Project("{FAE04EC0-301F-11D3-BF4B-00C04F79EFBC}") = "UserRole.Helper", "UserRole.Helper\UserRole.Helper.csproj", "{50C16A66-F895-4AD1-A1DC-35BB1EF922C1}"
EndProject
Project("{FAE04EC0-301F-11D3-BF4B-00C04F79EFBC}") = "UserRole.Model", "UserRole.Model\UserRole.Model.csproj", "{C19EB6DE-4872-4878-827A-C039A300009C}"
EndProject
Project("{FAE04EC0-301F-11D3-BF4B-00C04F79EFBC}") = "UserRole.Repository", "UserRole.Repository\UserRole.Repository.csproj", "{1BDED95F-9579-48A6-8560-16D2DEF7C212}"
EndProject
Global
	GlobalSection(SolutionConfigurationPlatforms) = preSolution
		Debug|Any CPU = Debug|Any CPU
		Release|Any CPU = Release|Any CPU
	EndGlobalSection
	GlobalSection(ProjectConfigurationPlatforms) = postSolution
		{7D351CB3-B05F-48AC-B221-7DA9C3B1A418}.Debug|Any CPU.ActiveCfg = Debug|Any CPU
		{7D351CB3-B05F-48AC-B221-7DA9C3B1A418}.Debug|Any CPU.Build.0 = Debug|Any CPU
		{7D351CB3-B05F-48AC-B221-7DA9C3B1A418}.Release|Any CPU.ActiveCfg = Release|Any CPU
		{7D351CB3-B05F-48AC-B221-7DA9C3B1A418}.Release|Any CPU.Build.0 = Release|Any CPU
		{50C16A66-F895-4AD1-A1DC-35BB1EF922C1}.Debug|Any CPU.ActiveCfg = Debug|Any CPU
		{50C16A66-F895-4AD1-A1DC-35BB1EF922C1}.Debug|Any CPU.Build.0 = Debug|Any CPU
		{50C16A66-F895-4AD1-A1DC-35BB1EF922C1}.Release|Any CPU.ActiveCfg = Release|Any CPU
		{50C16A66-F895-4AD1-A1DC-35BB1EF922C1}.Release|Any CPU.Build.0 = Release|Any CPU
		{C19EB6DE-4872-4878-827A-C039A300009C}.Debug|Any CPU.ActiveCfg = Debug|Any CPU
		{C19EB6DE-4872-4878-827A-C039A300009C}.Debug|Any CPU.Build.0 = Debug|Any CPU
		{C19EB6DE-4872-4878-827A-C039A300009C}.Release|Any CPU.ActiveCfg = Release|Any CPU
		{C19EB6DE-4872-4878-827A-C039A300009C}.Release|Any CPU.Build.0 = Release|Any CPU
		{1BDED95F-9579-48A6-8560-16D2DEF7C212}.Debug|Any CPU.ActiveCfg = Debug|Any CPU
		{1BDED95F-9579-48A6-8560-16D2DEF7C212}.Debug|Any CPU.Build.0 = Debug|Any CPU
		{1BDED95F-9579-48A6-8560-16D2DEF7C212}.Release|Any CPU.ActiveCfg = Release|Any CPU
		{1BDED95F-9579-48A6-8560-16D2DEF7C212}.Release|Any CPU.Build.0 = Release|Any CPU
	EndGlobalSection
	GlobalSection(SolutionProperties) = preSolution
		HideSolutionNode = FALSE
	EndGlobalSection
	GlobalSection(ExtensibilityGlobals) = postSolution
		SolutionGuid = {18637976-3070-40F6-B751-C2B02F883083}
	EndGlobalSection
EndGlobal
