
Microsoft Visual Studio Solution File, Format Version 12.00
# Visual Studio Version 16
VisualStudioVersion = 16.0.33130.400
MinimumVisualStudioVersion = 10.0.40219.1
Project("{FAE04EC0-301F-11D3-BF4B-00C04F79EFBC}") = "Kirtan_375_Test", "Kirtan_375_Test\Kirtan_375_Test.csproj", "{734801D3-54E6-47CC-BD11-899C51C5616A}"
EndProject
Project("{FAE04EC0-301F-11D3-BF4B-00C04F79EFBC}") = "Test.Helper", "Test.Helper\Test.Helper.csproj", "{3F771757-F2C6-40EE-A997-5C0260E424AD}"
EndProject
Project("{FAE04EC0-301F-11D3-BF4B-00C04F79EFBC}") = "Test.Models", "Test.Models\Test.Models.csproj", "{38877C80-0689-4294-AD10-9336B0AC373B}"
EndProject
Project("{FAE04EC0-301F-11D3-BF4B-00C04F79EFBC}") = "Test.Repository", "Test.Repository\Test.Repository.csproj", "{260F5EDE-1946-44FE-8AE0-B1DB2F9C631D}"
EndProject
Global
	GlobalSection(SolutionConfigurationPlatforms) = preSolution
		Debug|Any CPU = Debug|Any CPU
		Release|Any CPU = Release|Any CPU
	EndGlobalSection
	GlobalSection(ProjectConfigurationPlatforms) = postSolution
		{734801D3-54E6-47CC-BD11-899C51C5616A}.Debug|Any CPU.ActiveCfg = Debug|Any CPU
		{734801D3-54E6-47CC-BD11-899C51C5616A}.Debug|Any CPU.Build.0 = Debug|Any CPU
		{734801D3-54E6-47CC-BD11-899C51C5616A}.Release|Any CPU.ActiveCfg = Release|Any CPU
		{734801D3-54E6-47CC-BD11-899C51C5616A}.Release|Any CPU.Build.0 = Release|Any CPU
		{3F771757-F2C6-40EE-A997-5C0260E424AD}.Debug|Any CPU.ActiveCfg = Debug|Any CPU
		{3F771757-F2C6-40EE-A997-5C0260E424AD}.Debug|Any CPU.Build.0 = Debug|Any CPU
		{3F771757-F2C6-40EE-A997-5C0260E424AD}.Release|Any CPU.ActiveCfg = Release|Any CPU
		{3F771757-F2C6-40EE-A997-5C0260E424AD}.Release|Any CPU.Build.0 = Release|Any CPU
		{38877C80-0689-4294-AD10-9336B0AC373B}.Debug|Any CPU.ActiveCfg = Debug|Any CPU
		{38877C80-0689-4294-AD10-9336B0AC373B}.Debug|Any CPU.Build.0 = Debug|Any CPU
		{38877C80-0689-4294-AD10-9336B0AC373B}.Release|Any CPU.ActiveCfg = Release|Any CPU
		{38877C80-0689-4294-AD10-9336B0AC373B}.Release|Any CPU.Build.0 = Release|Any CPU
		{260F5EDE-1946-44FE-8AE0-B1DB2F9C631D}.Debug|Any CPU.ActiveCfg = Debug|Any CPU
		{260F5EDE-1946-44FE-8AE0-B1DB2F9C631D}.Debug|Any CPU.Build.0 = Debug|Any CPU
		{260F5EDE-1946-44FE-8AE0-B1DB2F9C631D}.Release|Any CPU.ActiveCfg = Release|Any CPU
		{260F5EDE-1946-44FE-8AE0-B1DB2F9C631D}.Release|Any CPU.Build.0 = Release|Any CPU
	EndGlobalSection
	GlobalSection(SolutionProperties) = preSolution
		HideSolutionNode = FALSE
	EndGlobalSection
	GlobalSection(ExtensibilityGlobals) = postSolution
		SolutionGuid = {10FF033F-A61C-48C8-B899-5F04A7D51D29}
	EndGlobalSection
EndGlobal
