
Microsoft Visual Studio Solution File, Format Version 12.00
# Visual Studio Version 16
VisualStudioVersion = 16.0.33130.400
MinimumVisualStudioVersion = 10.0.40219.1
Project("{FAE04EC0-301F-11D3-BF4B-00C04F79EFBC}") = "MVCRegistrationUser", "MVCRegistrationUser\MVCRegistrationUser.csproj", "{6B811F89-B59A-4C26-B1A8-159463EC4278}"
EndProject
Global
	GlobalSection(SolutionConfigurationPlatforms) = preSolution
		Debug|Any CPU = Debug|Any CPU
		Release|Any CPU = Release|Any CPU
	EndGlobalSection
	GlobalSection(ProjectConfigurationPlatforms) = postSolution
		{6B811F89-B59A-4C26-B1A8-159463EC4278}.Debug|Any CPU.ActiveCfg = Debug|Any CPU
		{6B811F89-B59A-4C26-B1A8-159463EC4278}.Debug|Any CPU.Build.0 = Debug|Any CPU
		{6B811F89-B59A-4C26-B1A8-159463EC4278}.Release|Any CPU.ActiveCfg = Release|Any CPU
		{6B811F89-B59A-4C26-B1A8-159463EC4278}.Release|Any CPU.Build.0 = Release|Any CPU
	EndGlobalSection
	GlobalSection(SolutionProperties) = preSolution
		HideSolutionNode = FALSE
	EndGlobalSection
	GlobalSection(ExtensibilityGlobals) = postSolution
		SolutionGuid = {2E20390C-A5A6-4F68-844A-2FD1D5342BE1}
	EndGlobalSection
EndGlobal
