
Microsoft Visual Studio Solution File, Format Version 12.00
# Visual Studio Version 16
VisualStudioVersion = 16.0.33130.400
MinimumVisualStudioVersion = 10.0.40219.1
Project("{FAE04EC0-301F-11D3-BF4B-00C04F79EFBC}") = "Sandeep_QuizApp Practice", "Sandeep_QuizApp Practice\Sandeep_QuizApp Practice.csproj", "{FCF18F26-D204-4020-91B3-7FE96597FF3B}"
EndProject
Global
	GlobalSection(SolutionConfigurationPlatforms) = preSolution
		Debug|Any CPU = Debug|Any CPU
		Release|Any CPU = Release|Any CPU
	EndGlobalSection
	GlobalSection(ProjectConfigurationPlatforms) = postSolution
		{FCF18F26-D204-4020-91B3-7FE96597FF3B}.Debug|Any CPU.ActiveCfg = Debug|Any CPU
		{FCF18F26-D204-4020-91B3-7FE96597FF3B}.Debug|Any CPU.Build.0 = Debug|Any CPU
		{FCF18F26-D204-4020-91B3-7FE96597FF3B}.Release|Any CPU.ActiveCfg = Release|Any CPU
		{FCF18F26-D204-4020-91B3-7FE96597FF3B}.Release|Any CPU.Build.0 = Release|Any CPU
	EndGlobalSection
	GlobalSection(SolutionProperties) = preSolution
		HideSolutionNode = FALSE
	EndGlobalSection
	GlobalSection(ExtensibilityGlobals) = postSolution
		SolutionGuid = {F373E28F-2379-4D72-B3CF-19A9DA3EB1E0}
	EndGlobalSection
EndGlobal
