
Microsoft Visual Studio Solution File, Format Version 12.00
# Visual Studio Version 16
VisualStudioVersion = 16.0.33130.400
MinimumVisualStudioVersion = 10.0.40219.1
Project("{FAE04EC0-301F-11D3-BF4B-00C04F79EFBC}") = "RegistrationSessionMVC", "RegistrationSessionMVC\RegistrationSessionMVC.csproj", "{A78E654D-52FA-4232-A7EF-67A0BEB1C276}"
EndProject
Global
	GlobalSection(SolutionConfigurationPlatforms) = preSolution
		Debug|Any CPU = Debug|Any CPU
		Release|Any CPU = Release|Any CPU
	EndGlobalSection
	GlobalSection(ProjectConfigurationPlatforms) = postSolution
		{A78E654D-52FA-4232-A7EF-67A0BEB1C276}.Debug|Any CPU.ActiveCfg = Debug|Any CPU
		{A78E654D-52FA-4232-A7EF-67A0BEB1C276}.Debug|Any CPU.Build.0 = Debug|Any CPU
		{A78E654D-52FA-4232-A7EF-67A0BEB1C276}.Release|Any CPU.ActiveCfg = Release|Any CPU
		{A78E654D-52FA-4232-A7EF-67A0BEB1C276}.Release|Any CPU.Build.0 = Release|Any CPU
	EndGlobalSection
	GlobalSection(SolutionProperties) = preSolution
		HideSolutionNode = FALSE
	EndGlobalSection
	GlobalSection(ExtensibilityGlobals) = postSolution
		SolutionGuid = {6A4A2C9B-75BB-4F07-ACD8-4BB6E986722E}
	EndGlobalSection
EndGlobal
